
Microsoft Visual Studio Solution File, Format Version 12.00
# Visual Studio Version 17
VisualStudioVersion = 17.6.33815.320
MinimumVisualStudioVersion = 10.0.40219.1
Project("{9A19103F-16F7-4668-BE54-9A1E7A4F7556}") = "Web_153505_Bybko", "Web_153505_Bybko\Web_153505_Bybko.csproj", "{22D65712-F1A1-4CA1-9C24-CBD1FBD05ACC}"
EndProject
Project("{9A19103F-16F7-4668-BE54-9A1E7A4F7556}") = "Web_153505_Bybko.Domain", "Web_153505_Bybko.Domain\Web_153505_Bybko.Domain.csproj", "{4290DA3E-236B-4320-B696-7B0EEE372257}"
EndProject
Project("{9A19103F-16F7-4668-BE54-9A1E7A4F7556}") = "Web_153505_Bybko.API", "Web_153505_Bybko.API\Web_153505_Bybko.API.csproj", "{05286646-2ED4-4F9B-93B2-A3A962249A96}"
EndProject
Project("{FAE04EC0-301F-11D3-BF4B-00C04F79EFBC}") = "Web_153505_Bybko.IdentityServer", "Web_153505_Bybko.IdentityServer\Web_153505_Bybko.IdentityServer.csproj", "{25EBF963-3528-4DB3-9F32-59AF57FE8E16}"
EndProject
Global
	GlobalSection(SolutionConfigurationPlatforms) = preSolution
		Debug|Any CPU = Debug|Any CPU
		Release|Any CPU = Release|Any CPU
	EndGlobalSection
	GlobalSection(ProjectConfigurationPlatforms) = postSolution
		{22D65712-F1A1-4CA1-9C24-CBD1FBD05ACC}.Debug|Any CPU.ActiveCfg = Debug|Any CPU
		{22D65712-F1A1-4CA1-9C24-CBD1FBD05ACC}.Debug|Any CPU.Build.0 = Debug|Any CPU
		{22D65712-F1A1-4CA1-9C24-CBD1FBD05ACC}.Release|Any CPU.ActiveCfg = Release|Any CPU
		{22D65712-F1A1-4CA1-9C24-CBD1FBD05ACC}.Release|Any CPU.Build.0 = Release|Any CPU
		{4290DA3E-236B-4320-B696-7B0EEE372257}.Debug|Any CPU.ActiveCfg = Debug|Any CPU
		{4290DA3E-236B-4320-B696-7B0EEE372257}.Debug|Any CPU.Build.0 = Debug|Any CPU
		{4290DA3E-236B-4320-B696-7B0EEE372257}.Release|Any CPU.ActiveCfg = Release|Any CPU
		{4290DA3E-236B-4320-B696-7B0EEE372257}.Release|Any CPU.Build.0 = Release|Any CPU
		{05286646-2ED4-4F9B-93B2-A3A962249A96}.Debug|Any CPU.ActiveCfg = Debug|Any CPU
		{05286646-2ED4-4F9B-93B2-A3A962249A96}.Debug|Any CPU.Build.0 = Debug|Any CPU
		{05286646-2ED4-4F9B-93B2-A3A962249A96}.Release|Any CPU.ActiveCfg = Release|Any CPU
		{05286646-2ED4-4F9B-93B2-A3A962249A96}.Release|Any CPU.Build.0 = Release|Any CPU
		{25EBF963-3528-4DB3-9F32-59AF57FE8E16}.Debug|Any CPU.ActiveCfg = Debug|Any CPU
		{25EBF963-3528-4DB3-9F32-59AF57FE8E16}.Debug|Any CPU.Build.0 = Debug|Any CPU
		{25EBF963-3528-4DB3-9F32-59AF57FE8E16}.Release|Any CPU.ActiveCfg = Release|Any CPU
		{25EBF963-3528-4DB3-9F32-59AF57FE8E16}.Release|Any CPU.Build.0 = Release|Any CPU
	EndGlobalSection
	GlobalSection(SolutionProperties) = preSolution
		HideSolutionNode = FALSE
	EndGlobalSection
	GlobalSection(ExtensibilityGlobals) = postSolution
		SolutionGuid = {39E2A63E-B58A-4E3F-9707-A184EB8A255D}
	EndGlobalSection
EndGlobal
